
Microsoft Visual Studio Solution File, Format Version 12.00
# Visual Studio Version 16
VisualStudioVersion = 16.0.30204.135
MinimumVisualStudioVersion = 10.0.40219.1
Project("{2150E333-8FDC-42A3-9474-1A3956D46DE8}") = "Ordering", "Ordering", "{EC75B04A-7056-4B7B-BBFA-4C3F0584AAA1}"
EndProject
Project("{9A19103F-16F7-4668-BE54-9A1E7A4F7556}") = "Ordering.Domain", "Orders\Ordering.Domain.csproj", "{F9224F1F-95F4-41DB-87D2-066923711DE2}"
EndProject
Project("{FAE04EC0-301F-11D3-BF4B-00C04F79EFBC}") = "Ordering.API", "Ordering.API\Ordering.API.csproj", "{A7861B6D-AA25-4B1D-966C-1C3A82A111F7}"
EndProject
Global
	GlobalSection(SolutionConfigurationPlatforms) = preSolution
		Debug|Any CPU = Debug|Any CPU
		Release|Any CPU = Release|Any CPU
	EndGlobalSection
	GlobalSection(ProjectConfigurationPlatforms) = postSolution
		{F9224F1F-95F4-41DB-87D2-066923711DE2}.Debug|Any CPU.ActiveCfg = Debug|Any CPU
		{F9224F1F-95F4-41DB-87D2-066923711DE2}.Debug|Any CPU.Build.0 = Debug|Any CPU
		{F9224F1F-95F4-41DB-87D2-066923711DE2}.Release|Any CPU.ActiveCfg = Release|Any CPU
		{F9224F1F-95F4-41DB-87D2-066923711DE2}.Release|Any CPU.Build.0 = Release|Any CPU
		{A7861B6D-AA25-4B1D-966C-1C3A82A111F7}.Debug|Any CPU.ActiveCfg = Debug|Any CPU
		{A7861B6D-AA25-4B1D-966C-1C3A82A111F7}.Debug|Any CPU.Build.0 = Debug|Any CPU
		{A7861B6D-AA25-4B1D-966C-1C3A82A111F7}.Release|Any CPU.ActiveCfg = Release|Any CPU
		{A7861B6D-AA25-4B1D-966C-1C3A82A111F7}.Release|Any CPU.Build.0 = Release|Any CPU
	EndGlobalSection
	GlobalSection(SolutionProperties) = preSolution
		HideSolutionNode = FALSE
	EndGlobalSection
	GlobalSection(NestedProjects) = preSolution
		{F9224F1F-95F4-41DB-87D2-066923711DE2} = {EC75B04A-7056-4B7B-BBFA-4C3F0584AAA1}
		{A7861B6D-AA25-4B1D-966C-1C3A82A111F7} = {EC75B04A-7056-4B7B-BBFA-4C3F0584AAA1}
	EndGlobalSection
	GlobalSection(ExtensibilityGlobals) = postSolution
		SolutionGuid = {5912D4CE-2ABD-4988-B9D0-BE57B5A1640F}
	EndGlobalSection
EndGlobal
